// !$*UTF8*$!
{
	archiveVersion = 1;
	classes = {
	};
	objectVersion = 56;
	objects = {

/* Begin PBXBuildFile section */
		452513FB2A7815670015F24F /* day_rating_animation.json in Resources */ = {isa = PBXBuildFile; fileRef = 452513FA2A7815670015F24F /* day_rating_animation.json */; };
		452513FD2A78186A0015F24F /* RatingRow.swift in Sources */ = {isa = PBXBuildFile; fileRef = 452513FC2A78186A0015F24F /* RatingRow.swift */; };
		452513FF2A781A160015F24F /* Rating.swift in Sources */ = {isa = PBXBuildFile; fileRef = 452513FE2A781A160015F24F /* Rating.swift */; };
		4580CB7B2A72AFDA00142134 /* MoodTrackerApp.swift in Sources */ = {isa = PBXBuildFile; fileRef = 4580CB7A2A72AFDA00142134 /* MoodTrackerApp.swift */; };
		4580CB7D2A72AFDA00142134 /* HomeView.swift in Sources */ = {isa = PBXBuildFile; fileRef = 4580CB7C2A72AFDA00142134 /* HomeView.swift */; };
		4580CB7F2A72AFDB00142134 /* Assets.xcassets in Resources */ = {isa = PBXBuildFile; fileRef = 4580CB7E2A72AFDB00142134 /* Assets.xcassets */; };
		4580CB822A72AFDB00142134 /* Preview Assets.xcassets in Resources */ = {isa = PBXBuildFile; fileRef = 4580CB812A72AFDB00142134 /* Preview Assets.xcassets */; };
		458CD6122A72B251007BF125 /* Localizable.strings in Resources */ = {isa = PBXBuildFile; fileRef = 458CD6142A72B251007BF125 /* Localizable.strings */; };
		458CD6172A72DA29007BF125 /* DayRatingView.swift in Sources */ = {isa = PBXBuildFile; fileRef = 458CD6162A72DA29007BF125 /* DayRatingView.swift */; };
		458CD61A2A72EA39007BF125 /* Lottie in Frameworks */ = {isa = PBXBuildFile; productRef = 458CD6192A72EA39007BF125 /* Lottie */; };
		458CD61C2A72EA4A007BF125 /* LottieView.swift in Sources */ = {isa = PBXBuildFile; fileRef = 458CD61B2A72EA4A007BF125 /* LottieView.swift */; };
/* End PBXBuildFile section */

/* Begin PBXFileReference section */
		452513FA2A7815670015F24F /* day_rating_animation.json */ = {isa = PBXFileReference; fileEncoding = 4; lastKnownFileType = text.json; path = day_rating_animation.json; sourceTree = "<group>"; };
		452513FC2A78186A0015F24F /* RatingRow.swift */ = {isa = PBXFileReference; lastKnownFileType = sourcecode.swift; path = RatingRow.swift; sourceTree = "<group>"; };
		452513FE2A781A160015F24F /* Rating.swift */ = {isa = PBXFileReference; lastKnownFileType = sourcecode.swift; path = Rating.swift; sourceTree = "<group>"; };
		4580CB772A72AFDA00142134 /* MoodTracker.app */ = {isa = PBXFileReference; explicitFileType = wrapper.application; includeInIndex = 0; path = MoodTracker.app; sourceTree = BUILT_PRODUCTS_DIR; };
		4580CB7A2A72AFDA00142134 /* MoodTrackerApp.swift */ = {isa = PBXFileReference; lastKnownFileType = sourcecode.swift; path = MoodTrackerApp.swift; sourceTree = "<group>"; };
		4580CB7C2A72AFDA00142134 /* HomeView.swift */ = {isa = PBXFileReference; lastKnownFileType = sourcecode.swift; path = HomeView.swift; sourceTree = "<group>"; };
		4580CB7E2A72AFDB00142134 /* Assets.xcassets */ = {isa = PBXFileReference; lastKnownFileType = folder.assetcatalog; path = Assets.xcassets; sourceTree = "<group>"; };
		4580CB812A72AFDB00142134 /* Preview Assets.xcassets */ = {isa = PBXFileReference; lastKnownFileType = folder.assetcatalog; path = "Preview Assets.xcassets"; sourceTree = "<group>"; };
		458CD6132A72B251007BF125 /* en */ = {isa = PBXFileReference; lastKnownFileType = text.plist.strings; name = en; path = en.lproj/Localizable.strings; sourceTree = "<group>"; };
		458CD6152A72B295007BF125 /* tr */ = {isa = PBXFileReference; lastKnownFileType = text.plist.strings; name = tr; path = tr.lproj/Localizable.strings; sourceTree = "<group>"; };
		458CD6162A72DA29007BF125 /* DayRatingView.swift */ = {isa = PBXFileReference; lastKnownFileType = sourcecode.swift; path = DayRatingView.swift; sourceTree = "<group>"; };
		458CD61B2A72EA4A007BF125 /* LottieView.swift */ = {isa = PBXFileReference; lastKnownFileType = sourcecode.swift; path = LottieView.swift; sourceTree = "<group>"; };
/* End PBXFileReference section */

/* Begin PBXFrameworksBuildPhase section */
		4580CB742A72AFDA00142134 /* Frameworks */ = {
			isa = PBXFrameworksBuildPhase;
			buildActionMask = 2147483647;
			files = (
				458CD61A2A72EA39007BF125 /* Lottie in Frameworks */,
			);
			runOnlyForDeploymentPostprocessing = 0;
		};
/* End PBXFrameworksBuildPhase section */

/* Begin PBXGroup section */
		4580CB6E2A72AFDA00142134 = {
			isa = PBXGroup;
			children = (
				4580CB792A72AFDA00142134 /* MoodTracker */,
				4580CB782A72AFDA00142134 /* Products */,
			);
			sourceTree = "<group>";
		};
		4580CB782A72AFDA00142134 /* Products */ = {
			isa = PBXGroup;
			children = (
				4580CB772A72AFDA00142134 /* MoodTracker.app */,
			);
			name = Products;
			sourceTree = "<group>";
		};
		4580CB792A72AFDA00142134 /* MoodTracker */ = {
			isa = PBXGroup;
			children = (
				458CD6142A72B251007BF125 /* Localizable.strings */,
				4580CB7A2A72AFDA00142134 /* MoodTrackerApp.swift */,
				4580CB7C2A72AFDA00142134 /* HomeView.swift */,
				4580CB7E2A72AFDB00142134 /* Assets.xcassets */,
				452513FA2A7815670015F24F /* day_rating_animation.json */,
				4580CB802A72AFDB00142134 /* Preview Content */,
				458CD6162A72DA29007BF125 /* DayRatingView.swift */,
				458CD61B2A72EA4A007BF125 /* LottieView.swift */,
				452513FC2A78186A0015F24F /* RatingRow.swift */,
				452513FE2A781A160015F24F /* Rating.swift */,
			);
			path = MoodTracker;
			sourceTree = "<group>";
		};
		4580CB802A72AFDB00142134 /* Preview Content */ = {
			isa = PBXGroup;
			children = (
				4580CB812A72AFDB00142134 /* Preview Assets.xcassets */,
			);
			path = "Preview Content";
			sourceTree = "<group>";
		};
/* End PBXGroup section */

/* Begin PBXNativeTarget section */
		4580CB762A72AFDA00142134 /* MoodTracker */ = {
			isa = PBXNativeTarget;
			buildConfigurationList = 4580CB852A72AFDB00142134 /* Build configuration list for PBXNativeTarget "MoodTracker" */;
			buildPhases = (
				4580CB732A72AFDA00142134 /* Sources */,
				4580CB742A72AFDA00142134 /* Frameworks */,
				4580CB752A72AFDA00142134 /* Resources */,
			);
			buildRules = (
			);
			dependencies = (
			);
			name = MoodTracker;
			packageProductDependencies = (
				458CD6192A72EA39007BF125 /* Lottie */,
			);
			productName = MoodTracker;
			productReference = 4580CB772A72AFDA00142134 /* MoodTracker.app */;
			productType = "com.apple.product-type.application";
		};
/* End PBXNativeTarget section */

/* Begin PBXProject section */
		4580CB6F2A72AFDA00142134 /* Project object */ = {
			isa = PBXProject;
			attributes = {
				BuildIndependentTargetsInParallel = 1;
				LastSwiftUpdateCheck = 1430;
				LastUpgradeCheck = 1430;
				TargetAttributes = {
					4580CB762A72AFDA00142134 = {
						CreatedOnToolsVersion = 14.3.1;
					};
				};
			};
			buildConfigurationList = 4580CB722A72AFDA00142134 /* Build configuration list for PBXProject "MoodTracker" */;
			compatibilityVersion = "Xcode 14.0";
			developmentRegion = en;
			hasScannedForEncodings = 0;
			knownRegions = (
				en,
				Base,
				tr,
			);
			mainGroup = 4580CB6E2A72AFDA00142134;
			packageReferences = (
				458CD6182A72EA39007BF125 /* XCRemoteSwiftPackageReference "lottie-ios" */,
			);
			productRefGroup = 4580CB782A72AFDA00142134 /* Products */;
			projectDirPath = "";
			projectRoot = "";
			targets = (
				4580CB762A72AFDA00142134 /* MoodTracker */,
			);
		};
/* End PBXProject section */

/* Begin PBXResourcesBuildPhase section */
		4580CB752A72AFDA00142134 /* Resources */ = {
			isa = PBXResourcesBuildPhase;
			buildActionMask = 2147483647;
			files = (
				4580CB822A72AFDB00142134 /* Preview Assets.xcassets in Resources */,
				458CD6122A72B251007BF125 /* Localizable.strings in Resources */,
				452513FB2A7815670015F24F /* day_rating_animation.json in Resources */,
				4580CB7F2A72AFDB00142134 /* Assets.xcassets in Resources */,
			);
			runOnlyForDeploymentPostprocessing = 0;
		};
/* End PBXResourcesBuildPhase section */

/* Begin PBXSourcesBuildPhase section */
		4580CB732A72AFDA00142134 /* Sources */ = {
			isa = PBXSourcesBuildPhase;
			buildActionMask = 2147483647;
			files = (
				452513FF2A781A160015F24F /* Rating.swift in Sources */,
				452513FD2A78186A0015F24F /* RatingRow.swift in Sources */,
				4580CB7D2A72AFDA00142134 /* HomeView.swift in Sources */,
				4580CB7B2A72AFDA00142134 /* MoodTrackerApp.swift in Sources */,
				458CD6172A72DA29007BF125 /* DayRatingView.swift in Sources */,
				458CD61C2A72EA4A007BF125 /* LottieView.swift in Sources */,
			);
			runOnlyForDeploymentPostprocessing = 0;
		};
/* End PBXSourcesBuildPhase section */

/* Begin PBXVariantGroup section */
		458CD6142A72B251007BF125 /* Localizable.strings */ = {
			isa = PBXVariantGroup;
			children = (
				458CD6132A72B251007BF125 /* en */,
				458CD6152A72B295007BF125 /* tr */,
			);
			name = Localizable.strings;
			sourceTree = "<group>";
		};
/* End PBXVariantGroup section */

/* Begin XCBuildConfiguration section */
		4580CB832A72AFDB00142134 /* Debug */ = {
			isa = XCBuildConfiguration;
			buildSettings = {
				ALWAYS_SEARCH_USER_PATHS = NO;
				CLANG_ANALYZER_LOCALIZABILITY_NONLOCALIZED = YES;
				CLANG_ANALYZER_NONNULL = YES;
				CLANG_ANALYZER_NUMBER_OBJECT_CONVERSION = YES_AGGRESSIVE;
				CLANG_CXX_LANGUAGE_STANDARD = "gnu++20";
				CLANG_ENABLE_MODULES = YES;
				CLANG_ENABLE_OBJC_ARC = YES;
				CLANG_ENABLE_OBJC_WEAK = YES;
				CLANG_WARN_BLOCK_CAPTURE_AUTORELEASING = YES;
				CLANG_WARN_BOOL_CONVERSION = YES;
				CLANG_WARN_COMMA = YES;
				CLANG_WARN_CONSTANT_CONVERSION = YES;
				CLANG_WARN_DEPRECATED_OBJC_IMPLEMENTATIONS = YES;
				CLANG_WARN_DIRECT_OBJC_ISA_USAGE = YES_ERROR;
				CLANG_WARN_DOCUMENTATION_COMMENTS = YES;
				CLANG_WARN_EMPTY_BODY = YES;
				CLANG_WARN_ENUM_CONVERSION = YES;
				CLANG_WARN_INFINITE_RECURSION = YES;
				CLANG_WARN_INT_CONVERSION = YES;
				CLANG_WARN_NON_LITERAL_NULL_CONVERSION = YES;
				CLANG_WARN_OBJC_IMPLICIT_RETAIN_SELF = YES;
				CLANG_WARN_OBJC_LITERAL_CONVERSION = YES;
				CLANG_WARN_OBJC_ROOT_CLASS = YES_ERROR;
				CLANG_WARN_QUOTED_INCLUDE_IN_FRAMEWORK_HEADER = YES;
				CLANG_WARN_RANGE_LOOP_ANALYSIS = YES;
				CLANG_WARN_STRICT_PROTOTYPES = YES;
				CLANG_WARN_SUSPICIOUS_MOVE = YES;
				CLANG_WARN_UNGUARDED_AVAILABILITY = YES_AGGRESSIVE;
				CLANG_WARN_UNREACHABLE_CODE = YES;
				CLANG_WARN__DUPLICATE_METHOD_MATCH = YES;
				COPY_PHASE_STRIP = NO;
				DEBUG_INFORMATION_FORMAT = dwarf;
				ENABLE_STRICT_OBJC_MSGSEND = YES;
				ENABLE_TESTABILITY = YES;
				GCC_C_LANGUAGE_STANDARD = gnu11;
				GCC_DYNAMIC_NO_PIC = NO;
				GCC_NO_COMMON_BLOCKS = YES;
				GCC_OPTIMIZATION_LEVEL = 0;
				GCC_PREPROCESSOR_DEFINITIONS = (
					"DEBUG=1",
					"$(inherited)",
				);
				GCC_WARN_64_TO_32_BIT_CONVERSION = YES;
				GCC_WARN_ABOUT_RETURN_TYPE = YES_ERROR;
				GCC_WARN_UNDECLARED_SELECTOR = YES;
				GCC_WARN_UNINITIALIZED_AUTOS = YES_AGGRESSIVE;
				GCC_WARN_UNUSED_FUNCTION = YES;
				GCC_WARN_UNUSED_VARIABLE = YES;
				IPHONEOS_DEPLOYMENT_TARGET = 16.4;
				MTL_ENABLE_DEBUG_INFO = INCLUDE_SOURCE;
				MTL_FAST_MATH = YES;
				ONLY_ACTIVE_ARCH = YES;
				SDKROOT = iphoneos;
				SWIFT_ACTIVE_COMPILATION_CONDITIONS = DEBUG;
				SWIFT_OPTIMIZATION_LEVEL = "-Onone";
			};
			name = Debug;
		};
		4580CB842A72AFDB00142134 /* Release */ = {
			isa = XCBuildConfiguration;
			buildSettings = {
				ALWAYS_SEARCH_USER_PATHS = NO;
				CLANG_ANALYZER_LOCALIZABILITY_NONLOCALIZED = YES;
				CLANG_ANALYZER_NONNULL = YES;
				CLANG_ANALYZER_NUMBER_OBJECT_CONVERSION = YES_AGGRESSIVE;
				CLANG_CXX_LANGUAGE_STANDARD = "gnu++20";
				CLANG_ENABLE_MODULES = YES;
				CLANG_ENABLE_OBJC_ARC = YES;
				CLANG_ENABLE_OBJC_WEAK = YES;
				CLANG_WARN_BLOCK_CAPTURE_AUTORELEASING = YES;
				CLANG_WARN_BOOL_CONVERSION = YES;
				CLANG_WARN_COMMA = YES;
				CLANG_WARN_CONSTANT_CONVERSION = YES;
				CLANG_WARN_DEPRECATED_OBJC_IMPLEMENTATIONS = YES;
				CLANG_WARN_DIRECT_OBJC_ISA_USAGE = YES_ERROR;
				CLANG_WARN_DOCUMENTATION_COMMENTS = YES;
				CLANG_WARN_EMPTY_BODY = YES;
				CLANG_WARN_ENUM_CONVERSION = YES;
				CLANG_WARN_INFINITE_RECURSION = YES;
				CLANG_WARN_INT_CONVERSION = YES;
				CLANG_WARN_NON_LITERAL_NULL_CONVERSION = YES;
				CLANG_WARN_OBJC_IMPLICIT_RETAIN_SELF = YES;
				CLANG_WARN_OBJC_LITERAL_CONVERSION = YES;
				CLANG_WARN_OBJC_ROOT_CLASS = YES_ERROR;
				CLANG_WARN_QUOTED_INCLUDE_IN_FRAMEWORK_HEADER = YES;
				CLANG_WARN_RANGE_LOOP_ANALYSIS = YES;
				CLANG_WARN_STRICT_PROTOTYPES = YES;
				CLANG_WARN_SUSPICIOUS_MOVE = YES;
				CLANG_WARN_UNGUARDED_AVAILABILITY = YES_AGGRESSIVE;
				CLANG_WARN_UNREACHABLE_CODE = YES;
				CLANG_WARN__DUPLICATE_METHOD_MATCH = YES;
				COPY_PHASE_STRIP = NO;
				DEBUG_INFORMATION_FORMAT = "dwarf-with-dsym";
				ENABLE_NS_ASSERTIONS = NO;
				ENABLE_STRICT_OBJC_MSGSEND = YES;
				GCC_C_LANGUAGE_STANDARD = gnu11;
				GCC_NO_COMMON_BLOCKS = YES;
				GCC_WARN_64_TO_32_BIT_CONVERSION = YES;
				GCC_WARN_ABOUT_RETURN_TYPE = YES_ERROR;
				GCC_WARN_UNDECLARED_SELECTOR = YES;
				GCC_WARN_UNINITIALIZED_AUTOS = YES_AGGRESSIVE;
				GCC_WARN_UNUSED_FUNCTION = YES;
				GCC_WARN_UNUSED_VARIABLE = YES;
				IPHONEOS_DEPLOYMENT_TARGET = 16.4;
				MTL_ENABLE_DEBUG_INFO = NO;
				MTL_FAST_MATH = YES;
				SDKROOT = iphoneos;
				SWIFT_COMPILATION_MODE = wholemodule;
				SWIFT_OPTIMIZATION_LEVEL = "-O";
				VALIDATE_PRODUCT = YES;
			};
			name = Release;
		};
		4580CB862A72AFDB00142134 /* Debug */ = {
			isa = XCBuildConfiguration;
			buildSettings = {
				ASSETCATALOG_COMPILER_APPICON_NAME = AppIcon;
				ASSETCATALOG_COMPILER_GLOBAL_ACCENT_COLOR_NAME = AccentColor;
				CODE_SIGN_STYLE = Automatic;
				CURRENT_PROJECT_VERSION = 1;
				DEVELOPMENT_ASSET_PATHS = "\"MoodTracker/Preview Content\"";
				DEVELOPMENT_TEAM = YHB6627S43;
				ENABLE_PREVIEWS = YES;
				GENERATE_INFOPLIST_FILE = YES;
				INFOPLIST_KEY_UIApplicationSceneManifest_Generation = YES;
				INFOPLIST_KEY_UIApplicationSupportsIndirectInputEvents = YES;
				INFOPLIST_KEY_UILaunchScreen_Generation = YES;
				INFOPLIST_KEY_UISupportedInterfaceOrientations_iPad = "UIInterfaceOrientationPortrait UIInterfaceOrientationPortraitUpsideDown UIInterfaceOrientationLandscapeLeft UIInterfaceOrientationLandscapeRight";
				INFOPLIST_KEY_UISupportedInterfaceOrientations_iPhone = "UIInterfaceOrientationPortrait UIInterfaceOrientationLandscapeLeft UIInterfaceOrientationLandscapeRight";
				IPHONEOS_DEPLOYMENT_TARGET = 15.0;
				LD_RUNPATH_SEARCH_PATHS = (
					"$(inherited)",
					"@executable_path/Frameworks",
				);
				MARKETING_VERSION = 1.0;
				PRODUCT_BUNDLE_IDENTIFIER = io.github.mustafacobann.MoodTracker;
				PRODUCT_NAME = "$(TARGET_NAME)";
				SWIFT_EMIT_LOC_STRINGS = YES;
				SWIFT_VERSION = 5.0;
				TARGETED_DEVICE_FAMILY = "1,2";
			};
			name = Debug;
		};
		4580CB872A72AFDB00142134 /* Release */ = {
			isa = XCBuildConfiguration;
			buildSettings = {
				ASSETCATALOG_COMPILER_APPICON_NAME = AppIcon;
				ASSETCATALOG_COMPILER_GLOBAL_ACCENT_COLOR_NAME = AccentColor;
				CODE_SIGN_STYLE = Automatic;
				CURRENT_PROJECT_VERSION = 1;
				DEVELOPMENT_ASSET_PATHS = "\"MoodTracker/Preview Content\"";
				DEVELOPMENT_TEAM = YHB6627S43;
				ENABLE_PREVIEWS = YES;
				GENERATE_INFOPLIST_FILE = YES;
				INFOPLIST_KEY_UIApplicationSceneManifest_Generation = YES;
				INFOPLIST_KEY_UIApplicationSupportsIndirectInputEvents = YES;
				INFOPLIST_KEY_UILaunchScreen_Generation = YES;
				INFOPLIST_KEY_UISupportedInterfaceOrientations_iPad = "UIInterfaceOrientationPortrait UIInterfaceOrientationPortraitUpsideDown UIInterfaceOrientationLandscapeLeft UIInterfaceOrientationLandscapeRight";
				INFOPLIST_KEY_UISupportedInterfaceOrientations_iPhone = "UIInterfaceOrientationPortrait UIInterfaceOrientationLandscapeLeft UIInterfaceOrientationLandscapeRight";
				IPHONEOS_DEPLOYMENT_TARGET = 15.0;
				LD_RUNPATH_SEARCH_PATHS = (
					"$(inherited)",
					"@executable_path/Frameworks",
				);
				MARKETING_VERSION = 1.0;
				PRODUCT_BUNDLE_IDENTIFIER = io.github.mustafacobann.MoodTracker;
				PRODUCT_NAME = "$(TARGET_NAME)";
				SWIFT_EMIT_LOC_STRINGS = YES;
				SWIFT_VERSION = 5.0;
				TARGETED_DEVICE_FAMILY = "1,2";
			};
			name = Release;
		};
/* End XCBuildConfiguration section */

/* Begin XCConfigurationList section */
		4580CB722A72AFDA00142134 /* Build configuration list for PBXProject "MoodTracker" */ = {
			isa = XCConfigurationList;
			buildConfigurations = (
				4580CB832A72AFDB00142134 /* Debug */,
				4580CB842A72AFDB00142134 /* Release */,
			);
			defaultConfigurationIsVisible = 0;
			defaultConfigurationName = Release;
		};
		4580CB852A72AFDB00142134 /* Build configuration list for PBXNativeTarget "MoodTracker" */ = {
			isa = XCConfigurationList;
			buildConfigurations = (
				4580CB862A72AFDB00142134 /* Debug */,
				4580CB872A72AFDB00142134 /* Release */,
			);
			defaultConfigurationIsVisible = 0;
			defaultConfigurationName = Release;
		};
/* End XCConfigurationList section */

/* Begin XCRemoteSwiftPackageReference section */
		458CD6182A72EA39007BF125 /* XCRemoteSwiftPackageReference "lottie-ios" */ = {
			isa = XCRemoteSwiftPackageReference;
			repositoryURL = "https://github.com/airbnb/lottie-ios.git";
			requirement = {
				kind = upToNextMajorVersion;
				minimumVersion = 4.0.0;
			};
		};
/* End XCRemoteSwiftPackageReference section */

/* Begin XCSwiftPackageProductDependency section */
		458CD6192A72EA39007BF125 /* Lottie */ = {
			isa = XCSwiftPackageProductDependency;
			package = 458CD6182A72EA39007BF125 /* XCRemoteSwiftPackageReference "lottie-ios" */;
			productName = Lottie;
		};
/* End XCSwiftPackageProductDependency section */
	};
	rootObject = 4580CB6F2A72AFDA00142134 /* Project object */;
}
